
Microsoft Visual Studio Solution File, Format Version 12.00
# Visual Studio 15
VisualStudioVersion = 15.0.27703.2042
MinimumVisualStudioVersion = 10.0.40219.1
Project("{9A19103F-16F7-4668-BE54-9A1E7A4F7556}") = "api.core", "api.core\api.core.csproj", "{4077EB6A-C665-4CE4-8661-6A249B756638}"
EndProject
Project("{9A19103F-16F7-4668-BE54-9A1E7A4F7556}") = "DataModel", "DataModel\DataModel.csproj", "{A73741C0-973B-4F71-B76A-A2FA585441F8}"
EndProject
Project("{9A19103F-16F7-4668-BE54-9A1E7A4F7556}") = "Services", "Services\Services.csproj", "{12D5DF41-B9B8-4CEA-AF6F-114B958045D7}"
EndProject
Project("{9A19103F-16F7-4668-BE54-9A1E7A4F7556}") = "WebApiResources", "WebApiResources\WebApiResources.csproj", "{C454B2C6-D186-4153-923E-FC1156A4E3E6}"
EndProject
Project("{9A19103F-16F7-4668-BE54-9A1E7A4F7556}") = "QuranLoaded", "QuranLoaded\QuranLoaded.csproj", "{FA9F1E96-DDEB-4C44-AA1C-9376E8DB029D}"
EndProject
Project("{9A19103F-16F7-4668-BE54-9A1E7A4F7556}") = "Reseed", "Reseed\Reseed.csproj", "{0BFA1D75-F683-4653-A099-1CBDEF57D5AD}"
EndProject
Project("{2150E333-8FDC-42A3-9474-1A3956D46DE8}") = "planning", "planning", "{B8A52F73-AD9C-4DDB-9803-594AB6A76BEE}"
EndProject
Project("{2150E333-8FDC-42A3-9474-1A3956D46DE8}") = "backlog", "backlog", "{72D6C8BB-924F-49F4-8CD8-2C5DE2DE32BE}"
	ProjectSection(SolutionItems) = preProject
		backlog.txt = backlog.txt
		NextRelease.txt = NextRelease.txt
	EndProjectSection
EndProject
Project("{2150E333-8FDC-42A3-9474-1A3956D46DE8}") = "features", "features", "{93F29888-FFC8-4827-B6DE-0B5AB690C7EC}"
	ProjectSection(SolutionItems) = preProject
		features.txt = features.txt
	EndProjectSection
EndProject
Project("{2150E333-8FDC-42A3-9474-1A3956D46DE8}") = "tasks", "tasks", "{E4E8BC30-F1BE-4A6D-907D-6DB5966624ED}"
EndProject
Project("{2150E333-8FDC-42A3-9474-1A3956D46DE8}") = "development", "development", "{56A10EB0-BD04-45B6-B91B-33E6A49D7A9D}"
EndProject
Project("{2150E333-8FDC-42A3-9474-1A3956D46DE8}") = "done", "done", "{B5F5B81D-BE6D-495D-BC11-3247045D9C3A}"
	ProjectSection(SolutionItems) = preProject
		1001.txt = 1001.txt
	EndProjectSection
EndProject
Global
	GlobalSection(SolutionConfigurationPlatforms) = preSolution
		Debug|Any CPU = Debug|Any CPU
		Release|Any CPU = Release|Any CPU
	EndGlobalSection
	GlobalSection(ProjectConfigurationPlatforms) = postSolution
		{4077EB6A-C665-4CE4-8661-6A249B756638}.Debug|Any CPU.ActiveCfg = Debug|Any CPU
		{4077EB6A-C665-4CE4-8661-6A249B756638}.Debug|Any CPU.Build.0 = Debug|Any CPU
		{4077EB6A-C665-4CE4-8661-6A249B756638}.Release|Any CPU.ActiveCfg = Release|Any CPU
		{4077EB6A-C665-4CE4-8661-6A249B756638}.Release|Any CPU.Build.0 = Release|Any CPU
		{A73741C0-973B-4F71-B76A-A2FA585441F8}.Debug|Any CPU.ActiveCfg = Debug|Any CPU
		{A73741C0-973B-4F71-B76A-A2FA585441F8}.Debug|Any CPU.Build.0 = Debug|Any CPU
		{A73741C0-973B-4F71-B76A-A2FA585441F8}.Release|Any CPU.ActiveCfg = Release|Any CPU
		{A73741C0-973B-4F71-B76A-A2FA585441F8}.Release|Any CPU.Build.0 = Release|Any CPU
		{12D5DF41-B9B8-4CEA-AF6F-114B958045D7}.Debug|Any CPU.ActiveCfg = Debug|Any CPU
		{12D5DF41-B9B8-4CEA-AF6F-114B958045D7}.Debug|Any CPU.Build.0 = Debug|Any CPU
		{12D5DF41-B9B8-4CEA-AF6F-114B958045D7}.Release|Any CPU.ActiveCfg = Release|Any CPU
		{12D5DF41-B9B8-4CEA-AF6F-114B958045D7}.Release|Any CPU.Build.0 = Release|Any CPU
		{C454B2C6-D186-4153-923E-FC1156A4E3E6}.Debug|Any CPU.ActiveCfg = Debug|Any CPU
		{C454B2C6-D186-4153-923E-FC1156A4E3E6}.Debug|Any CPU.Build.0 = Debug|Any CPU
		{C454B2C6-D186-4153-923E-FC1156A4E3E6}.Release|Any CPU.ActiveCfg = Release|Any CPU
		{C454B2C6-D186-4153-923E-FC1156A4E3E6}.Release|Any CPU.Build.0 = Release|Any CPU
		{FA9F1E96-DDEB-4C44-AA1C-9376E8DB029D}.Debug|Any CPU.ActiveCfg = Debug|Any CPU
		{FA9F1E96-DDEB-4C44-AA1C-9376E8DB029D}.Debug|Any CPU.Build.0 = Debug|Any CPU
		{FA9F1E96-DDEB-4C44-AA1C-9376E8DB029D}.Release|Any CPU.ActiveCfg = Release|Any CPU
		{FA9F1E96-DDEB-4C44-AA1C-9376E8DB029D}.Release|Any CPU.Build.0 = Release|Any CPU
		{0BFA1D75-F683-4653-A099-1CBDEF57D5AD}.Debug|Any CPU.ActiveCfg = Debug|Any CPU
		{0BFA1D75-F683-4653-A099-1CBDEF57D5AD}.Debug|Any CPU.Build.0 = Debug|Any CPU
		{0BFA1D75-F683-4653-A099-1CBDEF57D5AD}.Release|Any CPU.ActiveCfg = Release|Any CPU
		{0BFA1D75-F683-4653-A099-1CBDEF57D5AD}.Release|Any CPU.Build.0 = Release|Any CPU
	EndGlobalSection
	GlobalSection(SolutionProperties) = preSolution
		HideSolutionNode = FALSE
	EndGlobalSection
	GlobalSection(NestedProjects) = preSolution
		{72D6C8BB-924F-49F4-8CD8-2C5DE2DE32BE} = {B8A52F73-AD9C-4DDB-9803-594AB6A76BEE}
		{93F29888-FFC8-4827-B6DE-0B5AB690C7EC} = {72D6C8BB-924F-49F4-8CD8-2C5DE2DE32BE}
		{E4E8BC30-F1BE-4A6D-907D-6DB5966624ED} = {72D6C8BB-924F-49F4-8CD8-2C5DE2DE32BE}
		{56A10EB0-BD04-45B6-B91B-33E6A49D7A9D} = {B8A52F73-AD9C-4DDB-9803-594AB6A76BEE}
		{B5F5B81D-BE6D-495D-BC11-3247045D9C3A} = {B8A52F73-AD9C-4DDB-9803-594AB6A76BEE}
	EndGlobalSection
	GlobalSection(ExtensibilityGlobals) = postSolution
		SolutionGuid = {344D2601-E327-4DB9-8635-3DDC71EF3A74}
	EndGlobalSection
EndGlobal
