
Microsoft Visual Studio Solution File, Format Version 12.00
# Visual Studio 15
VisualStudioVersion = 15.0.27703.2042
MinimumVisualStudioVersion = 10.0.40219.1
Project("{FAE04EC0-301F-11D3-BF4B-00C04F79EFBC}") = "api.core", "api.core\api.core.csproj", "{4077EB6A-C665-4CE4-8661-6A249B756638}"
EndProject
Project("{FAE04EC0-301F-11D3-BF4B-00C04F79EFBC}") = "DataModel", "DataModel\DataModel.csproj", "{A73741C0-973B-4F71-B76A-A2FA585441F8}"
EndProject
Global
	GlobalSection(SolutionConfigurationPlatforms) = preSolution
		Debug|Any CPU = Debug|Any CPU
		Release|Any CPU = Release|Any CPU
	EndGlobalSection
	GlobalSection(ProjectConfigurationPlatforms) = postSolution
		{4077EB6A-C665-4CE4-8661-6A249B756638}.Debug|Any CPU.ActiveCfg = Debug|Any CPU
		{4077EB6A-C665-4CE4-8661-6A249B756638}.Debug|Any CPU.Build.0 = Debug|Any CPU
		{4077EB6A-C665-4CE4-8661-6A249B756638}.Release|Any CPU.ActiveCfg = Release|Any CPU
		{4077EB6A-C665-4CE4-8661-6A249B756638}.Release|Any CPU.Build.0 = Release|Any CPU
		{A73741C0-973B-4F71-B76A-A2FA585441F8}.Debug|Any CPU.ActiveCfg = Debug|Any CPU
		{A73741C0-973B-4F71-B76A-A2FA585441F8}.Debug|Any CPU.Build.0 = Debug|Any CPU
		{A73741C0-973B-4F71-B76A-A2FA585441F8}.Release|Any CPU.ActiveCfg = Release|Any CPU
		{A73741C0-973B-4F71-B76A-A2FA585441F8}.Release|Any CPU.Build.0 = Release|Any CPU
	EndGlobalSection
	GlobalSection(SolutionProperties) = preSolution
		HideSolutionNode = FALSE
	EndGlobalSection
	GlobalSection(ExtensibilityGlobals) = postSolution
		SolutionGuid = {344D2601-E327-4DB9-8635-3DDC71EF3A74}
	EndGlobalSection
EndGlobal
